// !$*UTF8*$!
{
	archiveVersion = 1;
	classes = {
	};
	objectVersion = 46;
	objects = {

/* Begin PBXBuildFile section */
		A68217FC1F41DDC800EAC3AE /* main.m in Sources */ = {isa = PBXBuildFile; fileRef = A68217FB1F41DDC800EAC3AE /* main.m */; };
		A68218041F41DDF200EAC3AE /* FKKeywordMap.m in Sources */ = {isa = PBXBuildFile; fileRef = A68218031F41DDF200EAC3AE /* FKKeywordMap.m */; };
/* End PBXBuildFile section */

/* Begin PBXCopyFilesBuildPhase section */
		A68217F61F41DDC800EAC3AE /* CopyFiles */ = {
			isa = PBXCopyFilesBuildPhase;
			buildActionMask = 2147483647;
			dstPath = /usr/share/man/man1/;
			dstSubfolderSpec = 0;
			files = (
			);
			runOnlyForDeploymentPostprocessing = 1;
		};
/* End PBXCopyFilesBuildPhase section */

/* Begin PBXFileReference section */
		A68217F81F41DDC800EAC3AE /* FKKeywordMatcher */ = {isa = PBXFileReference; explicitFileType = "compiled.mach-o.executable"; includeInIndex = 0; path = FKKeywordMatcher; sourceTree = BUILT_PRODUCTS_DIR; };
		A68217FB1F41DDC800EAC3AE /* main.m */ = {isa = PBXFileReference; lastKnownFileType = sourcecode.c.objc; path = main.m; sourceTree = "<group>"; };
		A68218021F41DDF200EAC3AE /* FKKeywordMap.h */ = {isa = PBXFileReference; fileEncoding = 4; lastKnownFileType = sourcecode.c.h; path = FKKeywordMap.h; sourceTree = "<group>"; };
		A68218031F41DDF200EAC3AE /* FKKeywordMap.m */ = {isa = PBXFileReference; fileEncoding = 4; lastKnownFileType = sourcecode.c.objc; path = FKKeywordMap.m; sourceTree = "<group>"; };
/* End PBXFileReference section */

/* Begin PBXFrameworksBuildPhase section */
		A68217F51F41DDC800EAC3AE /* Frameworks */ = {
			isa = PBXFrameworksBuildPhase;
			buildActionMask = 2147483647;
			files = (
			);
			runOnlyForDeploymentPostprocessing = 0;
		};
/* End PBXFrameworksBuildPhase section */

/* Begin PBXGroup section */
		A68217EF1F41DDC800EAC3AE = {
			isa = PBXGroup;
			children = (
				A68217FA1F41DDC800EAC3AE /* FKKeywordMatcher */,
				A68217F91F41DDC800EAC3AE /* Products */,
			);
			sourceTree = "<group>";
		};
		A68217F91F41DDC800EAC3AE /* Products */ = {
			isa = PBXGroup;
			children = (
				A68217F81F41DDC800EAC3AE /* FKKeywordMatcher */,
			);
			name = Products;
			sourceTree = "<group>";
		};
		A68217FA1F41DDC800EAC3AE /* FKKeywordMatcher */ = {
			isa = PBXGroup;
			children = (
				A68217FB1F41DDC800EAC3AE /* main.m */,
				A68218021F41DDF200EAC3AE /* FKKeywordMap.h */,
				A68218031F41DDF200EAC3AE /* FKKeywordMap.m */,
			);
			path = FKKeywordMatcher;
			sourceTree = "<group>";
		};
/* End PBXGroup section */

/* Begin PBXNativeTarget section */
		A68217F71F41DDC800EAC3AE /* FKKeywordMatcher */ = {
			isa = PBXNativeTarget;
			buildConfigurationList = A68217FF1F41DDC800EAC3AE /* Build configuration list for PBXNativeTarget "FKKeywordMatcher" */;
			buildPhases = (
				A68217F41F41DDC800EAC3AE /* Sources */,
				A68217F51F41DDC800EAC3AE /* Frameworks */,
				A68217F61F41DDC800EAC3AE /* CopyFiles */,
			);
			buildRules = (
			);
			dependencies = (
			);
			name = FKKeywordMatcher;
			productName = FKKeywordMatcher;
			productReference = A68217F81F41DDC800EAC3AE /* FKKeywordMatcher */;
			productType = "com.apple.product-type.tool";
		};
/* End PBXNativeTarget section */

/* Begin PBXProject section */
		A68217F01F41DDC800EAC3AE /* Project object */ = {
			isa = PBXProject;
			attributes = {
				LastUpgradeCheck = 0830;
				ORGANIZATIONNAME = "Doge Studio";
				TargetAttributes = {
					A68217F71F41DDC800EAC3AE = {
						CreatedOnToolsVersion = 8.3.3;
						DevelopmentTeam = 77M64ZZJGP;
						ProvisioningStyle = Automatic;
					};
				};
			};
			buildConfigurationList = A68217F31F41DDC800EAC3AE /* Build configuration list for PBXProject "FKKeywordMatcher" */;
			compatibilityVersion = "Xcode 3.2";
			developmentRegion = English;
			hasScannedForEncodings = 0;
			knownRegions = (
				en,
			);
			mainGroup = A68217EF1F41DDC800EAC3AE;
			productRefGroup = A68217F91F41DDC800EAC3AE /* Products */;
			projectDirPath = "";
			projectRoot = "";
			targets = (
				A68217F71F41DDC800EAC3AE /* FKKeywordMatcher */,
			);
		};
/* End PBXProject section */

/* Begin PBXSourcesBuildPhase section */
		A68217F41F41DDC800EAC3AE /* Sources */ = {
			isa = PBXSourcesBuildPhase;
			buildActionMask = 2147483647;
			files = (
				A68217FC1F41DDC800EAC3AE /* main.m in Sources */,
				A68218041F41DDF200EAC3AE /* FKKeywordMap.m in Sources */,
			);
			runOnlyForDeploymentPostprocessing = 0;
		};
/* End PBXSourcesBuildPhase section */

/* Begin XCBuildConfiguration section */
		A68217FD1F41DDC800EAC3AE /* Debug */ = {
			isa = XCBuildConfiguration;
			buildSettings = {
				ALWAYS_SEARCH_USER_PATHS = NO;
				CLANG_ANALYZER_NONNULL = YES;
				CLANG_ANALYZER_NUMBER_OBJECT_CONVERSION = YES_AGGRESSIVE;
				CLANG_CXX_LANGUAGE_STANDARD = "gnu++0x";
				CLANG_CXX_LIBRARY = "libc++";
				CLANG_ENABLE_MODULES = YES;
				CLANG_ENABLE_OBJC_ARC = YES;
				CLANG_WARN_BOOL_CONVERSION = YES;
				CLANG_WARN_CONSTANT_CONVERSION = YES;
				CLANG_WARN_DIRECT_OBJC_ISA_USAGE = YES_ERROR;
				CLANG_WARN_DOCUMENTATION_COMMENTS = YES;
				CLANG_WARN_EMPTY_BODY = YES;
				CLANG_WARN_ENUM_CONVERSION = YES;
				CLANG_WARN_INFINITE_RECURSION = YES;
				CLANG_WARN_INT_CONVERSION = YES;
				CLANG_WARN_OBJC_ROOT_CLASS = YES_ERROR;
				CLANG_WARN_SUSPICIOUS_MOVE = YES;
				CLANG_WARN_UNREACHABLE_CODE = YES;
				CLANG_WARN__DUPLICATE_METHOD_MATCH = YES;
				CODE_SIGN_IDENTITY = "-";
				COPY_PHASE_STRIP = NO;
				DEBUG_INFORMATION_FORMAT = dwarf;
				ENABLE_STRICT_OBJC_MSGSEND = YES;
				ENABLE_TESTABILITY = YES;
				GCC_C_LANGUAGE_STANDARD = gnu99;
				GCC_DYNAMIC_NO_PIC = NO;
				GCC_NO_COMMON_BLOCKS = YES;
				GCC_OPTIMIZATION_LEVEL = 0;
				GCC_PREPROCESSOR_DEFINITIONS = (
					"DEBUG=1",
					"$(inherited)",
				);
				GCC_WARN_64_TO_32_BIT_CONVERSION = YES;
				GCC_WARN_ABOUT_RETURN_TYPE = YES_ERROR;
				GCC_WARN_UNDECLARED_SELECTOR = YES;
				GCC_WARN_UNINITIALIZED_AUTOS = YES_AGGRESSIVE;
				GCC_WARN_UNUSED_FUNCTION = YES;
				GCC_WARN_UNUSED_VARIABLE = YES;
				MACOSX_DEPLOYMENT_TARGET = 10.12;
				MTL_ENABLE_DEBUG_INFO = YES;
				ONLY_ACTIVE_ARCH = YES;
				SDKROOT = macosx;
			};
			name = Debug;
		};
		A68217FE1F41DDC800EAC3AE /* Release */ = {
			isa = XCBuildConfiguration;
			buildSettings = {
				ALWAYS_SEARCH_USER_PATHS = NO;
				CLANG_ANALYZER_NONNULL = YES;
				CLANG_ANALYZER_NUMBER_OBJECT_CONVERSION = YES_AGGRESSIVE;
				CLANG_CXX_LANGUAGE_STANDARD = "gnu++0x";
				CLANG_CXX_LIBRARY = "libc++";
				CLANG_ENABLE_MODULES = YES;
				CLANG_ENABLE_OBJC_ARC = YES;
				CLANG_WARN_BOOL_CONVERSION = YES;
				CLANG_WARN_CONSTANT_CONVERSION = YES;
				CLANG_WARN_DIRECT_OBJC_ISA_USAGE = YES_ERROR;
				CLANG_WARN_DOCUMENTATION_COMMENTS = YES;
				CLANG_WARN_EMPTY_BODY = YES;
				CLANG_WARN_ENUM_CONVERSION = YES;
				CLANG_WARN_INFINITE_RECURSION = YES;
				CLANG_WARN_INT_CONVERSION = YES;
				CLANG_WARN_OBJC_ROOT_CLASS = YES_ERROR;
				CLANG_WARN_SUSPICIOUS_MOVE = YES;
				CLANG_WARN_UNREACHABLE_CODE = YES;
				CLANG_WARN__DUPLICATE_METHOD_MATCH = YES;
				CODE_SIGN_IDENTITY = "-";
				COPY_PHASE_STRIP = NO;
				DEBUG_INFORMATION_FORMAT = "dwarf-with-dsym";
				ENABLE_NS_ASSERTIONS = NO;
				ENABLE_STRICT_OBJC_MSGSEND = YES;
				GCC_C_LANGUAGE_STANDARD = gnu99;
				GCC_NO_COMMON_BLOCKS = YES;
				GCC_WARN_64_TO_32_BIT_CONVERSION = YES;
				GCC_WARN_ABOUT_RETURN_TYPE = YES_ERROR;
				GCC_WARN_UNDECLARED_SELECTOR = YES;
				GCC_WARN_UNINITIALIZED_AUTOS = YES_AGGRESSIVE;
				GCC_WARN_UNUSED_FUNCTION = YES;
				GCC_WARN_UNUSED_VARIABLE = YES;
				MACOSX_DEPLOYMENT_TARGET = 10.12;
				MTL_ENABLE_DEBUG_INFO = NO;
				SDKROOT = macosx;
			};
			name = Release;
		};
		A68218001F41DDC800EAC3AE /* Debug */ = {
			isa = XCBuildConfiguration;
			buildSettings = {
				DEVELOPMENT_TEAM = 77M64ZZJGP;
				PRODUCT_NAME = "$(TARGET_NAME)";
			};
			name = Debug;
		};
		A68218011F41DDC800EAC3AE /* Release */ = {
			isa = XCBuildConfiguration;
			buildSettings = {
				DEVELOPMENT_TEAM = 77M64ZZJGP;
				PRODUCT_NAME = "$(TARGET_NAME)";
			};
			name = Release;
		};
/* End XCBuildConfiguration section */

/* Begin XCConfigurationList section */
		A68217F31F41DDC800EAC3AE /* Build configuration list for PBXProject "FKKeywordMatcher" */ = {
			isa = XCConfigurationList;
			buildConfigurations = (
				A68217FD1F41DDC800EAC3AE /* Debug */,
				A68217FE1F41DDC800EAC3AE /* Release */,
			);
			defaultConfigurationIsVisible = 0;
			defaultConfigurationName = Release;
		};
		A68217FF1F41DDC800EAC3AE /* Build configuration list for PBXNativeTarget "FKKeywordMatcher" */ = {
			isa = XCConfigurationList;
			buildConfigurations = (
				A68218001F41DDC800EAC3AE /* Debug */,
				A68218011F41DDC800EAC3AE /* Release */,
			);
			defaultConfigurationIsVisible = 0;
			defaultConfigurationName = Release;
		};
/* End XCConfigurationList section */
	};
	rootObject = A68217F01F41DDC800EAC3AE /* Project object */;
}
